
Microsoft Visual Studio Solution File, Format Version 12.00
# Visual Studio 15
VisualStudioVersion = 15.0.27130.2024
MinimumVisualStudioVersion = 10.0.40219.1
Project("{2150E333-8FDC-42A3-9474-1A3956D46DE8}") = "00 - Unit Tests", "00 - Unit Tests", "{37285B26-6328-463F-B02E-2E46543A5CA2}"
EndProject
Project("{FAE04EC0-301F-11D3-BF4B-00C04F79EFBC}") = "XO.UnitTests", "XO.UnitTests\XO.UnitTests.csproj", "{4E87D13F-062F-4E44-BB83-EE8898BBC9F7}"
EndProject
Project("{2150E333-8FDC-42A3-9474-1A3956D46DE8}") = "01 - SOA", "01 - SOA", "{28BBFF15-CA2F-4FD4-9552-24DC0FC75473}"
EndProject
Project("{FAE04EC0-301F-11D3-BF4B-00C04F79EFBC}") = "XO.WCF", "XO.WCF\XO.WCF.csproj", "{2EDD17DB-C3F1-4374-A573-B34E69E7D052}"
EndProject
Project("{FAE04EC0-301F-11D3-BF4B-00C04F79EFBC}") = "XO.WS", "XO.WS\XO.WS.csproj", "{BAC61185-A217-4A73-80C4-01FA803B4DBF}"
EndProject
Project("{2150E333-8FDC-42A3-9474-1A3956D46DE8}") = "02 - NetCore", "02 - NetCore", "{1AB71A81-61AC-487F-A28F-E498BF6D329A}"
EndProject
Project("{9A19103F-16F7-4668-BE54-9A1E7A4F7556}") = "XO.NetCore", "XO.NetCore\XO.NetCore.csproj", "{27F4DB56-6D34-4C7F-A7ED-2B99B924FA08}"
EndProject
Project("{9A19103F-16F7-4668-BE54-9A1E7A4F7556}") = "XO.NetCore.Console", "XO.NetCore.Console\XO.NetCore.Console.csproj", "{2C9FC317-D12E-491D-A34A-E4CFDC54DC8F}"
EndProject
Project("{2150E333-8FDC-42A3-9474-1A3956D46DE8}") = "03 - Database", "03 - Database", "{4418E2E8-B73E-46F5-852F-FA93A311C71E}"
EndProject
Project("{FAE04EC0-301F-11D3-BF4B-00C04F79EFBC}") = "XO.DB", "XO.DB\XO.DB.csproj", "{69D7D8FB-C37B-4A58-B849-F74DBC284EFE}"
EndProject
Project("{FAE04EC0-301F-11D3-BF4B-00C04F79EFBC}") = "XO.DB.SQL", "XO.DB.SQL\XO.DB.SQL.csproj", "{50F7D575-EC8B-4879-85FF-070B37DF3FD0}"
EndProject
Project("{FAE04EC0-301F-11D3-BF4B-00C04F79EFBC}") = "XO.DB.SqlEf", "XO.DB.SqlEf\XO.DB.SqlEf.csproj", "{2DE09954-BE47-47EA-811C-2B15E2F9CF3C}"
EndProject
Project("{2150E333-8FDC-42A3-9474-1A3956D46DE8}") = "01 - UI", "01 - UI", "{A4737A18-6A78-4016-9F52-6240A531F48A}"
EndProject
Project("{FAE04EC0-301F-11D3-BF4B-00C04F79EFBC}") = "XO.UI", "XO.UI\XO.UI.csproj", "{F4304E88-975B-4178-B7BB-AD519A8D706C}"
EndProject
Project("{2150E333-8FDC-42A3-9474-1A3956D46DE8}") = "04 - Entities", "04 - Entities", "{0A3391EA-5E33-4462-839C-01875BF525D5}"
EndProject
Project("{FAE04EC0-301F-11D3-BF4B-00C04F79EFBC}") = "XO.Entities", "XO.Entities\XO.Entities.csproj", "{F78E1320-DA0A-4520-BB25-AFC114BB0007}"
EndProject
Project("{2150E333-8FDC-42A3-9474-1A3956D46DE8}") = "05 - SOLID", "05 - SOLID", "{FDA85E70-BD19-4F63-9D2F-08A3BC7ECB94}"
EndProject
Project("{FAE04EC0-301F-11D3-BF4B-00C04F79EFBC}") = "XO.SOLID.SR", "XO.SOLID.SR\XO.SOLID.SR.csproj", "{F23CF597-0160-435C-AC47-BFDCEFF9ABE7}"
EndProject
Project("{FAE04EC0-301F-11D3-BF4B-00C04F79EFBC}") = "XO.SOLID.OC", "XO.SOLID.OC\XO.SOLID.OC.csproj", "{5A999ED9-980B-4C75-A844-A39628C30C28}"
EndProject
Project("{FAE04EC0-301F-11D3-BF4B-00C04F79EFBC}") = "XO.SOLID.LSP", "XO.SOLID.LSP\XO.SOLID.LSP.csproj", "{E3987AE0-CC8A-4329-9E4B-89C56CD3B9B5}"
EndProject
Project("{FAE04EC0-301F-11D3-BF4B-00C04F79EFBC}") = "XO.SOLID.DI", "XO.SOLID.DI\XO.SOLID.DI.csproj", "{C1CFF784-F7EA-4EF3-A01F-1954A8327A7E}"
EndProject
Project("{FAE04EC0-301F-11D3-BF4B-00C04F79EFBC}") = "XO.UI.Mvc", "XO.UI.Mvc\XO.UI.Mvc.csproj", "{D76B3478-1317-42CC-898F-7831AD64BB6B}"
EndProject
Global
	GlobalSection(SolutionConfigurationPlatforms) = preSolution
		Debug|Any CPU = Debug|Any CPU
		Release|Any CPU = Release|Any CPU
	EndGlobalSection
	GlobalSection(ProjectConfigurationPlatforms) = postSolution
		{4E87D13F-062F-4E44-BB83-EE8898BBC9F7}.Debug|Any CPU.ActiveCfg = Debug|Any CPU
		{4E87D13F-062F-4E44-BB83-EE8898BBC9F7}.Debug|Any CPU.Build.0 = Debug|Any CPU
		{4E87D13F-062F-4E44-BB83-EE8898BBC9F7}.Release|Any CPU.ActiveCfg = Release|Any CPU
		{4E87D13F-062F-4E44-BB83-EE8898BBC9F7}.Release|Any CPU.Build.0 = Release|Any CPU
		{2EDD17DB-C3F1-4374-A573-B34E69E7D052}.Debug|Any CPU.ActiveCfg = Debug|Any CPU
		{2EDD17DB-C3F1-4374-A573-B34E69E7D052}.Debug|Any CPU.Build.0 = Debug|Any CPU
		{2EDD17DB-C3F1-4374-A573-B34E69E7D052}.Release|Any CPU.ActiveCfg = Release|Any CPU
		{2EDD17DB-C3F1-4374-A573-B34E69E7D052}.Release|Any CPU.Build.0 = Release|Any CPU
		{BAC61185-A217-4A73-80C4-01FA803B4DBF}.Debug|Any CPU.ActiveCfg = Debug|Any CPU
		{BAC61185-A217-4A73-80C4-01FA803B4DBF}.Debug|Any CPU.Build.0 = Debug|Any CPU
		{BAC61185-A217-4A73-80C4-01FA803B4DBF}.Release|Any CPU.ActiveCfg = Release|Any CPU
		{BAC61185-A217-4A73-80C4-01FA803B4DBF}.Release|Any CPU.Build.0 = Release|Any CPU
		{27F4DB56-6D34-4C7F-A7ED-2B99B924FA08}.Debug|Any CPU.ActiveCfg = Debug|Any CPU
		{27F4DB56-6D34-4C7F-A7ED-2B99B924FA08}.Debug|Any CPU.Build.0 = Debug|Any CPU
		{27F4DB56-6D34-4C7F-A7ED-2B99B924FA08}.Release|Any CPU.ActiveCfg = Release|Any CPU
		{27F4DB56-6D34-4C7F-A7ED-2B99B924FA08}.Release|Any CPU.Build.0 = Release|Any CPU
		{2C9FC317-D12E-491D-A34A-E4CFDC54DC8F}.Debug|Any CPU.ActiveCfg = Debug|Any CPU
		{2C9FC317-D12E-491D-A34A-E4CFDC54DC8F}.Debug|Any CPU.Build.0 = Debug|Any CPU
		{2C9FC317-D12E-491D-A34A-E4CFDC54DC8F}.Release|Any CPU.ActiveCfg = Release|Any CPU
		{2C9FC317-D12E-491D-A34A-E4CFDC54DC8F}.Release|Any CPU.Build.0 = Release|Any CPU
		{69D7D8FB-C37B-4A58-B849-F74DBC284EFE}.Debug|Any CPU.ActiveCfg = Debug|Any CPU
		{69D7D8FB-C37B-4A58-B849-F74DBC284EFE}.Debug|Any CPU.Build.0 = Debug|Any CPU
		{69D7D8FB-C37B-4A58-B849-F74DBC284EFE}.Release|Any CPU.ActiveCfg = Release|Any CPU
		{69D7D8FB-C37B-4A58-B849-F74DBC284EFE}.Release|Any CPU.Build.0 = Release|Any CPU
		{50F7D575-EC8B-4879-85FF-070B37DF3FD0}.Debug|Any CPU.ActiveCfg = Debug|Any CPU
		{50F7D575-EC8B-4879-85FF-070B37DF3FD0}.Debug|Any CPU.Build.0 = Debug|Any CPU
		{50F7D575-EC8B-4879-85FF-070B37DF3FD0}.Release|Any CPU.ActiveCfg = Release|Any CPU
		{50F7D575-EC8B-4879-85FF-070B37DF3FD0}.Release|Any CPU.Build.0 = Release|Any CPU
		{2DE09954-BE47-47EA-811C-2B15E2F9CF3C}.Debug|Any CPU.ActiveCfg = Debug|Any CPU
		{2DE09954-BE47-47EA-811C-2B15E2F9CF3C}.Debug|Any CPU.Build.0 = Debug|Any CPU
		{2DE09954-BE47-47EA-811C-2B15E2F9CF3C}.Release|Any CPU.ActiveCfg = Release|Any CPU
		{2DE09954-BE47-47EA-811C-2B15E2F9CF3C}.Release|Any CPU.Build.0 = Release|Any CPU
		{F4304E88-975B-4178-B7BB-AD519A8D706C}.Debug|Any CPU.ActiveCfg = Debug|Any CPU
		{F4304E88-975B-4178-B7BB-AD519A8D706C}.Debug|Any CPU.Build.0 = Debug|Any CPU
		{F4304E88-975B-4178-B7BB-AD519A8D706C}.Release|Any CPU.ActiveCfg = Release|Any CPU
		{F4304E88-975B-4178-B7BB-AD519A8D706C}.Release|Any CPU.Build.0 = Release|Any CPU
		{F78E1320-DA0A-4520-BB25-AFC114BB0007}.Debug|Any CPU.ActiveCfg = Debug|Any CPU
		{F78E1320-DA0A-4520-BB25-AFC114BB0007}.Debug|Any CPU.Build.0 = Debug|Any CPU
		{F78E1320-DA0A-4520-BB25-AFC114BB0007}.Release|Any CPU.ActiveCfg = Release|Any CPU
		{F78E1320-DA0A-4520-BB25-AFC114BB0007}.Release|Any CPU.Build.0 = Release|Any CPU
		{F23CF597-0160-435C-AC47-BFDCEFF9ABE7}.Debug|Any CPU.ActiveCfg = Debug|Any CPU
		{F23CF597-0160-435C-AC47-BFDCEFF9ABE7}.Debug|Any CPU.Build.0 = Debug|Any CPU
		{F23CF597-0160-435C-AC47-BFDCEFF9ABE7}.Release|Any CPU.ActiveCfg = Release|Any CPU
		{F23CF597-0160-435C-AC47-BFDCEFF9ABE7}.Release|Any CPU.Build.0 = Release|Any CPU
		{5A999ED9-980B-4C75-A844-A39628C30C28}.Debug|Any CPU.ActiveCfg = Debug|Any CPU
		{5A999ED9-980B-4C75-A844-A39628C30C28}.Debug|Any CPU.Build.0 = Debug|Any CPU
		{5A999ED9-980B-4C75-A844-A39628C30C28}.Release|Any CPU.ActiveCfg = Release|Any CPU
		{5A999ED9-980B-4C75-A844-A39628C30C28}.Release|Any CPU.Build.0 = Release|Any CPU
		{E3987AE0-CC8A-4329-9E4B-89C56CD3B9B5}.Debug|Any CPU.ActiveCfg = Debug|Any CPU
		{E3987AE0-CC8A-4329-9E4B-89C56CD3B9B5}.Debug|Any CPU.Build.0 = Debug|Any CPU
		{E3987AE0-CC8A-4329-9E4B-89C56CD3B9B5}.Release|Any CPU.ActiveCfg = Release|Any CPU
		{E3987AE0-CC8A-4329-9E4B-89C56CD3B9B5}.Release|Any CPU.Build.0 = Release|Any CPU
		{C1CFF784-F7EA-4EF3-A01F-1954A8327A7E}.Debug|Any CPU.ActiveCfg = Debug|Any CPU
		{C1CFF784-F7EA-4EF3-A01F-1954A8327A7E}.Debug|Any CPU.Build.0 = Debug|Any CPU
		{C1CFF784-F7EA-4EF3-A01F-1954A8327A7E}.Release|Any CPU.ActiveCfg = Release|Any CPU
		{C1CFF784-F7EA-4EF3-A01F-1954A8327A7E}.Release|Any CPU.Build.0 = Release|Any CPU
		{D76B3478-1317-42CC-898F-7831AD64BB6B}.Debug|Any CPU.ActiveCfg = Debug|Any CPU
		{D76B3478-1317-42CC-898F-7831AD64BB6B}.Debug|Any CPU.Build.0 = Debug|Any CPU
		{D76B3478-1317-42CC-898F-7831AD64BB6B}.Release|Any CPU.ActiveCfg = Release|Any CPU
		{D76B3478-1317-42CC-898F-7831AD64BB6B}.Release|Any CPU.Build.0 = Release|Any CPU
	EndGlobalSection
	GlobalSection(SolutionProperties) = preSolution
		HideSolutionNode = FALSE
	EndGlobalSection
	GlobalSection(NestedProjects) = preSolution
		{4E87D13F-062F-4E44-BB83-EE8898BBC9F7} = {37285B26-6328-463F-B02E-2E46543A5CA2}
		{2EDD17DB-C3F1-4374-A573-B34E69E7D052} = {28BBFF15-CA2F-4FD4-9552-24DC0FC75473}
		{BAC61185-A217-4A73-80C4-01FA803B4DBF} = {28BBFF15-CA2F-4FD4-9552-24DC0FC75473}
		{27F4DB56-6D34-4C7F-A7ED-2B99B924FA08} = {1AB71A81-61AC-487F-A28F-E498BF6D329A}
		{2C9FC317-D12E-491D-A34A-E4CFDC54DC8F} = {1AB71A81-61AC-487F-A28F-E498BF6D329A}
		{69D7D8FB-C37B-4A58-B849-F74DBC284EFE} = {4418E2E8-B73E-46F5-852F-FA93A311C71E}
		{50F7D575-EC8B-4879-85FF-070B37DF3FD0} = {4418E2E8-B73E-46F5-852F-FA93A311C71E}
		{2DE09954-BE47-47EA-811C-2B15E2F9CF3C} = {4418E2E8-B73E-46F5-852F-FA93A311C71E}
		{F4304E88-975B-4178-B7BB-AD519A8D706C} = {A4737A18-6A78-4016-9F52-6240A531F48A}
		{F78E1320-DA0A-4520-BB25-AFC114BB0007} = {0A3391EA-5E33-4462-839C-01875BF525D5}
		{F23CF597-0160-435C-AC47-BFDCEFF9ABE7} = {FDA85E70-BD19-4F63-9D2F-08A3BC7ECB94}
		{5A999ED9-980B-4C75-A844-A39628C30C28} = {FDA85E70-BD19-4F63-9D2F-08A3BC7ECB94}
		{E3987AE0-CC8A-4329-9E4B-89C56CD3B9B5} = {FDA85E70-BD19-4F63-9D2F-08A3BC7ECB94}
		{C1CFF784-F7EA-4EF3-A01F-1954A8327A7E} = {FDA85E70-BD19-4F63-9D2F-08A3BC7ECB94}
		{D76B3478-1317-42CC-898F-7831AD64BB6B} = {A4737A18-6A78-4016-9F52-6240A531F48A}
	EndGlobalSection
	GlobalSection(ExtensibilityGlobals) = postSolution
		SolutionGuid = {27DEA2F2-0F20-4B8B-B00C-47342EC4BFA0}
	EndGlobalSection
EndGlobal
